
Microsoft Visual Studio Solution File, Format Version 12.00
# Visual Studio 15
VisualStudioVersion = 15.0.27004.2002
MinimumVisualStudioVersion = 10.0.40219.1
Project("{FAE04EC0-301F-11D3-BF4B-00C04F79EFBC}") = "WpfApp2", "WpfApp2\WpfApp2.csproj", "{B96D909D-7994-4619-88F0-C780118FEEBF}"
EndProject
Global
	GlobalSection(SolutionConfigurationPlatforms) = preSolution
		Debug|Any CPU = Debug|Any CPU
		Release|Any CPU = Release|Any CPU
	EndGlobalSection
	GlobalSection(ProjectConfigurationPlatforms) = postSolution
		{B96D909D-7994-4619-88F0-C780118FEEBF}.Debug|Any CPU.ActiveCfg = Debug|Any CPU
		{B96D909D-7994-4619-88F0-C780118FEEBF}.Debug|Any CPU.Build.0 = Debug|Any CPU
		{B96D909D-7994-4619-88F0-C780118FEEBF}.Release|Any CPU.ActiveCfg = Release|Any CPU
		{B96D909D-7994-4619-88F0-C780118FEEBF}.Release|Any CPU.Build.0 = Release|Any CPU
	EndGlobalSection
	GlobalSection(SolutionProperties) = preSolution
		HideSolutionNode = FALSE
	EndGlobalSection
	GlobalSection(ExtensibilityGlobals) = postSolution
		SolutionGuid = {463E8118-7D93-4A34-B616-3CABE0C836A3}
	EndGlobalSection
EndGlobal
